
Microsoft Visual Studio Solution File, Format Version 12.00
# Visual Studio Version 17
VisualStudioVersion = 17.11.35312.102
MinimumVisualStudioVersion = 10.0.40219.1
Project("{FAE04EC0-301F-11D3-BF4B-00C04F79EFBC}") = "Ecommerce.Web", "Ecommerce.Web\Ecommerce.Web.csproj", "{841D1929-DE61-45A6-8AD4-5BCCF3D2165F}"
EndProject
Project("{FAE04EC0-301F-11D3-BF4B-00C04F79EFBC}") = "Ecommerce.ProductService", "Ecommerce.ProductService\Ecommerce.ProductService.csproj", "{7EAE926A-5A17-4F90-80BB-3B303DB86281}"
EndProject
Project("{FAE04EC0-301F-11D3-BF4B-00C04F79EFBC}") = "Ecommerce.OrderService", "Ecommerce.OrderService\Ecommerce.OrderService.csproj", "{BF16DCCF-B83F-4A5C-9FAA-0A8916391DED}"
EndProject
Project("{FAE04EC0-301F-11D3-BF4B-00C04F79EFBC}") = "Ecommerce.Model", "Ecommerce.Model\Ecommerce.Model.csproj", "{6F9ACC52-D866-4ABF-BCCE-BA656CE9F414}"
EndProject
Project("{FAE04EC0-301F-11D3-BF4B-00C04F79EFBC}") = "Ecommerce.AppHost", "Ecommerce.AppHost\Ecommerce.AppHost.csproj", "{49E7CF3F-D75E-489C-B62B-5474AB6F2D3D}"
EndProject
Global
	GlobalSection(SolutionConfigurationPlatforms) = preSolution
		Debug|Any CPU = Debug|Any CPU
		Release|Any CPU = Release|Any CPU
	EndGlobalSection
	GlobalSection(ProjectConfigurationPlatforms) = postSolution
		{841D1929-DE61-45A6-8AD4-5BCCF3D2165F}.Debug|Any CPU.ActiveCfg = Debug|Any CPU
		{841D1929-DE61-45A6-8AD4-5BCCF3D2165F}.Debug|Any CPU.Build.0 = Debug|Any CPU
		{841D1929-DE61-45A6-8AD4-5BCCF3D2165F}.Release|Any CPU.ActiveCfg = Release|Any CPU
		{841D1929-DE61-45A6-8AD4-5BCCF3D2165F}.Release|Any CPU.Build.0 = Release|Any CPU
		{7EAE926A-5A17-4F90-80BB-3B303DB86281}.Debug|Any CPU.ActiveCfg = Debug|Any CPU
		{7EAE926A-5A17-4F90-80BB-3B303DB86281}.Debug|Any CPU.Build.0 = Debug|Any CPU
		{7EAE926A-5A17-4F90-80BB-3B303DB86281}.Release|Any CPU.ActiveCfg = Release|Any CPU
		{7EAE926A-5A17-4F90-80BB-3B303DB86281}.Release|Any CPU.Build.0 = Release|Any CPU
		{BF16DCCF-B83F-4A5C-9FAA-0A8916391DED}.Debug|Any CPU.ActiveCfg = Debug|Any CPU
		{BF16DCCF-B83F-4A5C-9FAA-0A8916391DED}.Debug|Any CPU.Build.0 = Debug|Any CPU
		{BF16DCCF-B83F-4A5C-9FAA-0A8916391DED}.Release|Any CPU.ActiveCfg = Release|Any CPU
		{BF16DCCF-B83F-4A5C-9FAA-0A8916391DED}.Release|Any CPU.Build.0 = Release|Any CPU
		{6F9ACC52-D866-4ABF-BCCE-BA656CE9F414}.Debug|Any CPU.ActiveCfg = Debug|Any CPU
		{6F9ACC52-D866-4ABF-BCCE-BA656CE9F414}.Debug|Any CPU.Build.0 = Debug|Any CPU
		{6F9ACC52-D866-4ABF-BCCE-BA656CE9F414}.Release|Any CPU.ActiveCfg = Release|Any CPU
		{6F9ACC52-D866-4ABF-BCCE-BA656CE9F414}.Release|Any CPU.Build.0 = Release|Any CPU
		{49E7CF3F-D75E-489C-B62B-5474AB6F2D3D}.Debug|Any CPU.ActiveCfg = Debug|Any CPU
		{49E7CF3F-D75E-489C-B62B-5474AB6F2D3D}.Debug|Any CPU.Build.0 = Debug|Any CPU
		{49E7CF3F-D75E-489C-B62B-5474AB6F2D3D}.Release|Any CPU.ActiveCfg = Release|Any CPU
		{49E7CF3F-D75E-489C-B62B-5474AB6F2D3D}.Release|Any CPU.Build.0 = Release|Any CPU
	EndGlobalSection
	GlobalSection(SolutionProperties) = preSolution
		HideSolutionNode = FALSE
	EndGlobalSection
	GlobalSection(ExtensibilityGlobals) = postSolution
		SolutionGuid = {9F13EB45-07CF-4362-8657-54750437B4FD}
	EndGlobalSection
EndGlobal
